{
  "version": 4,
  "terraform_version": "1.12.1",
  "serial": 66,
  "lineage": "004ba339-d58f-abd2-5bd5-b6c754ec3da5",
  "outputs": {
    "collaborators": {
      "value": [],
      "type": [
        "tuple",
        []
      ]
    },
    "managed_repositories": {
      "value": {
        "NMAClientLib": "https://github.com/wavermartijn/NMAClientLib",
        "ai-chats": "https://github.com/wavermartijn/ai-chats",
        "aiven-transforms-for-apache-kafka-connect": "https://github.com/wavermartijn/aiven-transforms-for-apache-kafka-connect",
        "akka-http-microservice": "https://github.com/wavermartijn/akka-http-microservice",
        "avro-checks": "https://github.com/wavermartijn/avro-checks",
        "banking": "https://github.com/wavermartijn/banking",
        "debezium-tests": "https://github.com/wavermartijn/debezium-tests",
        "debezium-transformations": "https://github.com/wavermartijn/debezium-transformations",
        "docker-pdns": "https://github.com/wavermartijn/docker-pdns",
        "docker-rpi-zookeeper-kafka": "https://github.com/wavermartijn/docker-rpi-zookeeper-kafka",
        "elasticsearch-test": "https://github.com/wavermartijn/elasticsearch-test",
        "fleet-client": "https://github.com/wavermartijn/fleet-client",
        "flink-kafka-table-api": "https://github.com/wavermartijn/flink-kafka-table-api",
        "go-healthcheck": "https://github.com/wavermartijn/go-healthcheck",
        "gradle-docker": "https://github.com/wavermartijn/gradle-docker",
        "hcl4j": "https://github.com/wavermartijn/hcl4j",
        "ignite-demo": "https://github.com/wavermartijn/ignite-demo",
        "jgit-test": "https://github.com/wavermartijn/jgit-test",
        "kafka-stack": "https://github.com/wavermartijn/kafka-stack",
        "kafka-test": "https://github.com/wavermartijn/kafka-test",
        "kubernetes-home": "https://github.com/wavermartijn/kubernetes-home",
        "nl-weather-obs": "https://github.com/wavermartijn/nl-weather-obs",
        "parquet-readwrite": "https://github.com/wavermartijn/parquet-readwrite",
        "qcone-api": "https://github.com/wavermartijn/qcone-api",
        "terraform-demo": "https://github.com/wavermartijn/terraform-demo",
        "terraform-github": "https://github.com/wavermartijn/terraform-github",
        "terraform-test": "https://github.com/wavermartijn/terraform-test",
        "wavernotebook": "https://github.com/wavermartijn/wavernotebook"
      },
      "type": [
        "object",
        {
          "NMAClientLib": "string",
          "ai-chats": "string",
          "aiven-transforms-for-apache-kafka-connect": "string",
          "akka-http-microservice": "string",
          "avro-checks": "string",
          "banking": "string",
          "debezium-tests": "string",
          "debezium-transformations": "string",
          "docker-pdns": "string",
          "docker-rpi-zookeeper-kafka": "string",
          "elasticsearch-test": "string",
          "fleet-client": "string",
          "flink-kafka-table-api": "string",
          "go-healthcheck": "string",
          "gradle-docker": "string",
          "hcl4j": "string",
          "ignite-demo": "string",
          "jgit-test": "string",
          "kafka-stack": "string",
          "kafka-test": "string",
          "kubernetes-home": "string",
          "nl-weather-obs": "string",
          "parquet-readwrite": "string",
          "qcone-api": "string",
          "terraform-demo": "string",
          "terraform-github": "string",
          "terraform-test": "string",
          "wavernotebook": "string"
        }
      ]
    }
  },
  "resources": [
    {
      "mode": "managed",
      "type": "github_branch_default",
      "name": "default",
      "provider": "provider[\"registry.opentofu.org/integrations/github\"]",
      "instances": [
        {
          "index_key": "NMAClientLib",
          "schema_version": 0,
          "attributes": {
            "branch": "master",
            "etag": "W/\"e5aa80f4a9e667fd75e521de0fc1827121a5b4eebdbd01efd14f44d3fc83a019\"",
            "id": "NMAClientLib",
            "rename": null,
            "repository": "NMAClientLib"
          },
          "sensitive_attributes": [],
          "private": "eyJzY2hlbWFfdmVyc2lvbiI6IjAifQ==",
          "dependencies": [
            "github_repository.repos"
          ]
        },
        {
          "index_key": "ai-chats",
          "schema_version": 0,
          "attributes": {
            "branch": "main",
            "etag": "W/\"f08057323629ec8cdd5334271ef8c5d043a49f994052a02be5604a250228d756\"",
            "id": "ai-chats",
            "rename": null,
            "repository": "ai-chats"
          },
          "sensitive_attributes": [],
          "private": "eyJzY2hlbWFfdmVyc2lvbiI6IjAifQ==",
          "dependencies": [
            "github_repository.repos"
          ]
        },
        {
          "index_key": "aiven-transforms-for-apache-kafka-connect",
          "schema_version": 0,
          "attributes": {
            "branch": "master",
            "etag": "W/\"b682c448ae4c0cc5a7165a7d60e1407cf9b77e1d01e1cc6b83a24dd3a2534eb5\"",
            "id": "aiven-transforms-for-apache-kafka-connect",
            "rename": null,
            "repository": "aiven-transforms-for-apache-kafka-connect"
          },
          "sensitive_attributes": [],
          "private": "eyJzY2hlbWFfdmVyc2lvbiI6IjAifQ==",
          "dependencies": [
            "github_repository.repos"
          ]
        },
        {
          "index_key": "akka-http-microservice",
          "schema_version": 0,
          "attributes": {
            "branch": "master",
            "etag": "W/\"e884380d2568bd41ef4843bb1306e4e857ec678fa7b7238ebf3dea7846c81aeb\"",
            "id": "akka-http-microservice",
            "rename": null,
            "repository": "akka-http-microservice"
          },
          "sensitive_attributes": [],
          "private": "eyJzY2hlbWFfdmVyc2lvbiI6IjAifQ==",
          "dependencies": [
            "github_repository.repos"
          ]
        },
        {
          "index_key": "avro-checks",
          "schema_version": 0,
          "attributes": {
            "branch": "master",
            "etag": "W/\"95cda889b6100ecf29386c579d0e2a396328e0d97b7e51e8aa411c6357bc405a\"",
            "id": "avro-checks",
            "rename": null,
            "repository": "avro-checks"
          },
          "sensitive_attributes": [],
          "private": "eyJzY2hlbWFfdmVyc2lvbiI6IjAifQ==",
          "dependencies": [
            "github_repository.repos"
          ]
        },
        {
          "index_key": "banking",
          "schema_version": 0,
          "attributes": {
            "branch": "main",
            "etag": "W/\"8cf32d7839a5bbe92ccd36671320b538994f829c93c0500a9e4dcfea2af8202f\"",
            "id": "banking",
            "rename": null,
            "repository": "banking"
          },
          "sensitive_attributes": [],
          "private": "eyJzY2hlbWFfdmVyc2lvbiI6IjAifQ==",
          "dependencies": [
            "github_repository.repos"
          ]
        },
        {
          "index_key": "debezium-tests",
          "schema_version": 0,
          "attributes": {
            "branch": "main",
            "etag": "W/\"1d66fe1317952289e00ea466daf22ceffe5f192a6278647162b4a67a040ebb71\"",
            "id": "debezium-tests",
            "rename": null,
            "repository": "debezium-tests"
          },
          "sensitive_attributes": [],
          "private": "eyJzY2hlbWFfdmVyc2lvbiI6IjAifQ==",
          "dependencies": [
            "github_repository.repos"
          ]
        },
        {
          "index_key": "debezium-transformations",
          "schema_version": 0,
          "attributes": {
            "branch": "main",
            "etag": "W/\"e7092ea23043608c6705cd9d1263e6b947bc7949fe6dd90a2aee4cb303aeeda3\"",
            "id": "debezium-transformations",
            "rename": null,
            "repository": "debezium-transformations"
          },
          "sensitive_attributes": [],
          "private": "eyJzY2hlbWFfdmVyc2lvbiI6IjAifQ==",
          "dependencies": [
            "github_repository.repos"
          ]
        },
        {
          "index_key": "docker-pdns",
          "schema_version": 0,
          "attributes": {
            "branch": "master",
            "etag": "W/\"fe0680d0854a497bb298055fdd3c386842b3cebc48e293b52b8c90525b6e78c7\"",
            "id": "docker-pdns",
            "rename": null,
            "repository": "docker-pdns"
          },
          "sensitive_attributes": [],
          "private": "eyJzY2hlbWFfdmVyc2lvbiI6IjAifQ==",
          "dependencies": [
            "github_repository.repos"
          ]
        },
        {
          "index_key": "docker-rpi-zookeeper-kafka",
          "schema_version": 0,
          "attributes": {
            "branch": "master",
            "etag": "W/\"a34edf6f538ddda7b913ae26f7f64927fa369a14b50b602284ad9e5d359e0563\"",
            "id": "docker-rpi-zookeeper-kafka",
            "rename": null,
            "repository": "docker-rpi-zookeeper-kafka"
          },
          "sensitive_attributes": [],
          "private": "eyJzY2hlbWFfdmVyc2lvbiI6IjAifQ==",
          "dependencies": [
            "github_repository.repos"
          ]
        },
        {
          "index_key": "elasticsearch-test",
          "schema_version": 0,
          "attributes": {
            "branch": "master",
            "etag": "W/\"209b1766079bcb818cfa447cc63ea68ada02cdb437af11204a70f8c53049a268\"",
            "id": "elasticsearch-test",
            "rename": null,
            "repository": "elasticsearch-test"
          },
          "sensitive_attributes": [],
          "private": "eyJzY2hlbWFfdmVyc2lvbiI6IjAifQ==",
          "dependencies": [
            "github_repository.repos"
          ]
        },
        {
          "index_key": "fleet-client",
          "schema_version": 0,
          "attributes": {
            "branch": "main",
            "etag": "W/\"a08cc903343fbaf727413fc67ea7e9bac39425c28b8e10a5b7379e29e237fec9\"",
            "id": "fleet-client",
            "rename": null,
            "repository": "fleet-client"
          },
          "sensitive_attributes": [],
          "private": "eyJzY2hlbWFfdmVyc2lvbiI6IjAifQ==",
          "dependencies": [
            "github_repository.repos"
          ]
        },
        {
          "index_key": "flink-kafka-table-api",
          "schema_version": 0,
          "attributes": {
            "branch": "main",
            "etag": "W/\"5f7e922765d0b86e655618d2372026423ae403e39e641c6f43358eb7ceb6ecef\"",
            "id": "flink-kafka-table-api",
            "rename": null,
            "repository": "flink-kafka-table-api"
          },
          "sensitive_attributes": [],
          "private": "eyJzY2hlbWFfdmVyc2lvbiI6IjAifQ==",
          "dependencies": [
            "github_repository.repos"
          ]
        },
        {
          "index_key": "go-healthcheck",
          "schema_version": 0,
          "attributes": {
            "branch": "master",
            "etag": "W/\"f1d4355f775d25f72ebf01f3bd7ea669dd7d503f549f55a97f33ef8f72766565\"",
            "id": "go-healthcheck",
            "rename": null,
            "repository": "go-healthcheck"
          },
          "sensitive_attributes": [],
          "private": "eyJzY2hlbWFfdmVyc2lvbiI6IjAifQ==",
          "dependencies": [
            "github_repository.repos"
          ]
        },
        {
          "index_key": "gradle-docker",
          "schema_version": 0,
          "attributes": {
            "branch": "master",
            "etag": "W/\"4aa58d6a21c6c0c0c6e15c55e2f58eb7dd7aa6f83aabf9157b3e8749f231bf44\"",
            "id": "gradle-docker",
            "rename": null,
            "repository": "gradle-docker"
          },
          "sensitive_attributes": [],
          "private": "eyJzY2hlbWFfdmVyc2lvbiI6IjAifQ==",
          "dependencies": [
            "github_repository.repos"
          ]
        },
        {
          "index_key": "hcl4j",
          "schema_version": 0,
          "attributes": {
            "branch": "master",
            "etag": "W/\"0fee3b9b5be62415c324af88fb3a4d231704b0274c6e41f2627718c7e81fd619\"",
            "id": "hcl4j",
            "rename": null,
            "repository": "hcl4j"
          },
          "sensitive_attributes": [],
          "private": "eyJzY2hlbWFfdmVyc2lvbiI6IjAifQ==",
          "dependencies": [
            "github_repository.repos"
          ]
        },
        {
          "index_key": "ignite-demo",
          "schema_version": 0,
          "attributes": {
            "branch": "master",
            "etag": "W/\"63940e03bd3852571a50d959b5578c0b2140e959f5b5c1c581f6d7eb7b162628\"",
            "id": "ignite-demo",
            "rename": null,
            "repository": "ignite-demo"
          },
          "sensitive_attributes": [],
          "private": "eyJzY2hlbWFfdmVyc2lvbiI6IjAifQ==",
          "dependencies": [
            "github_repository.repos"
          ]
        },
        {
          "index_key": "jgit-test",
          "schema_version": 0,
          "attributes": {
            "branch": "martijn-jgit-test",
            "etag": "W/\"3540bbd995d465d8178c6ee1eaad88d1423bfe0df4af69de4e9eb10ab94c2648\"",
            "id": "jgit-test",
            "rename": null,
            "repository": "jgit-test"
          },
          "sensitive_attributes": [],
          "private": "eyJzY2hlbWFfdmVyc2lvbiI6IjAifQ==",
          "dependencies": [
            "github_repository.repos"
          ]
        },
        {
          "index_key": "kafka-stack",
          "schema_version": 0,
          "attributes": {
            "branch": "main",
            "etag": "W/\"a54774caeb55e713103b9bdee7a7890ab95d036aec5223de7212bf1638c6542b\"",
            "id": "kafka-stack",
            "rename": null,
            "repository": "kafka-stack"
          },
          "sensitive_attributes": [],
          "private": "eyJzY2hlbWFfdmVyc2lvbiI6IjAifQ==",
          "dependencies": [
            "github_repository.repos"
          ]
        },
        {
          "index_key": "kafka-test",
          "schema_version": 0,
          "attributes": {
            "branch": "master",
            "etag": "W/\"1506d541a82d72027674ed18f47ded07bb5a55e5df66c2b9116169d2dbe410ca\"",
            "id": "kafka-test",
            "rename": null,
            "repository": "kafka-test"
          },
          "sensitive_attributes": [],
          "private": "eyJzY2hlbWFfdmVyc2lvbiI6IjAifQ==",
          "dependencies": [
            "github_repository.repos"
          ]
        },
        {
          "index_key": "kubernetes-home",
          "schema_version": 0,
          "attributes": {
            "branch": "main",
            "etag": "W/\"b7137bd3b7a7da8152b0604b357cdaa7b74d1024c9cb77ac848fe5bbd3be7e09\"",
            "id": "kubernetes-home",
            "rename": false,
            "repository": "kubernetes-home"
          },
          "sensitive_attributes": [],
          "private": "bnVsbA==",
          "dependencies": [
            "github_repository.repos"
          ]
        },
        {
          "index_key": "nl-weather-obs",
          "schema_version": 0,
          "attributes": {
            "branch": "master",
            "etag": "W/\"07913db5bf6b90a880d83ac230b413c6d765d038152e96af15923971e368c8ee\"",
            "id": "nl-weather-obs",
            "rename": null,
            "repository": "nl-weather-obs"
          },
          "sensitive_attributes": [],
          "private": "eyJzY2hlbWFfdmVyc2lvbiI6IjAifQ==",
          "dependencies": [
            "github_repository.repos"
          ]
        },
        {
          "index_key": "parquet-readwrite",
          "schema_version": 0,
          "attributes": {
            "branch": "master",
            "etag": "W/\"e750c0f34ff67a984dff8f1ba6b431345004939ca440c3a7996350d85fd59508\"",
            "id": "parquet-readwrite",
            "rename": null,
            "repository": "parquet-readwrite"
          },
          "sensitive_attributes": [],
          "private": "eyJzY2hlbWFfdmVyc2lvbiI6IjAifQ==",
          "dependencies": [
            "github_repository.repos"
          ]
        },
        {
          "index_key": "qcone-api",
          "schema_version": 0,
          "attributes": {
            "branch": "main",
            "etag": "W/\"cee269d3263168ff91206f071b5960f17f31f40514044edf00631a8b0c6a387d\"",
            "id": "qcone-api",
            "rename": null,
            "repository": "qcone-api"
          },
          "sensitive_attributes": [],
          "private": "eyJzY2hlbWFfdmVyc2lvbiI6IjAifQ==",
          "dependencies": [
            "github_repository.repos"
          ]
        },
        {
          "index_key": "terraform-demo",
          "schema_version": 0,
          "attributes": {
            "branch": "main",
            "etag": "W/\"b6b897a4be438d61411a879bc606b69e650ad14f75c975d521a502441a9c91db\"",
            "id": "terraform-demo",
            "rename": null,
            "repository": "terraform-demo"
          },
          "sensitive_attributes": [],
          "private": "eyJzY2hlbWFfdmVyc2lvbiI6IjAifQ==",
          "dependencies": [
            "github_repository.repos"
          ]
        },
        {
          "index_key": "terraform-github",
          "schema_version": 0,
          "attributes": {
            "branch": "main",
            "etag": "W/\"5b6804ed1a84b1f3fce6d3a9effbcb2832fefcd3e1e5727b7f41b23fe8ca1031\"",
            "id": "terraform-github",
            "rename": false,
            "repository": "terraform-github"
          },
          "sensitive_attributes": [],
          "private": "bnVsbA==",
          "dependencies": [
            "github_repository.repos"
          ]
        },
        {
          "index_key": "terraform-test",
          "schema_version": 0,
          "attributes": {
            "branch": "master",
            "etag": "W/\"65302900daa083faa42f72fa168f48bf3a6d8eae8d62577cf790f15356cfa07e\"",
            "id": "terraform-test",
            "rename": null,
            "repository": "terraform-test"
          },
          "sensitive_attributes": [],
          "private": "eyJzY2hlbWFfdmVyc2lvbiI6IjAifQ==",
          "dependencies": [
            "github_repository.repos"
          ]
        },
        {
          "index_key": "wavernotebook",
          "schema_version": 0,
          "attributes": {
            "branch": "main",
            "etag": "W/\"6d37a093a6f5d623142c6e85d88fc27beb03bff9d7b9cd9d28624c7e9bbd1749\"",
            "id": "wavernotebook",
            "rename": null,
            "repository": "wavernotebook"
          },
          "sensitive_attributes": [],
          "private": "eyJzY2hlbWFfdmVyc2lvbiI6IjAifQ==",
          "dependencies": [
            "github_repository.repos"
          ]
        }
      ]
    },
    {
      "mode": "managed",
      "type": "github_branch_protection",
      "name": "default",
      "provider": "provider[\"registry.opentofu.org/integrations/github\"]",
      "instances": [
        {
          "index_key": "terraform-github",
          "schema_version": 2,
          "attributes": {
            "allows_deletions": false,
            "allows_force_pushes": false,
            "enforce_admins": false,
            "force_push_bypassers": [],
            "id": "BPR_kwDOTaF_1s4EyZJX",
            "lock_branch": false,
            "pattern": "main",
            "repository_id": "R_kgDOTaF_1g",
            "require_conversation_resolution": false,
            "require_signed_commits": false,
            "required_linear_history": false,
            "required_pull_request_reviews": [
              {
                "dismiss_stale_reviews": false,
                "dismissal_restrictions": [],
                "pull_request_bypassers": [],
                "require_code_owner_reviews": false,
                "require_last_push_approval": false,
                "required_approving_review_count": 0,
                "restrict_dismissals": false
              }
            ],
            "required_status_checks": [],
            "restrict_pushes": []
          },
          "sensitive_attributes": [],
          "private": "eyJzY2hlbWFfdmVyc2lvbiI6IjIifQ==",
          "dependencies": [
            "github_repository.repos"
          ]
        }
      ]
    },
    {
      "mode": "managed",
      "type": "github_repository",
      "name": "repos",
      "provider": "provider[\"registry.opentofu.org/integrations/github\"]",
      "instances": [
        {
          "index_key": "NMAClientLib",
          "schema_version": 1,
          "attributes": {
            "allow_auto_merge": false,
            "allow_forking": true,
            "allow_merge_commit": true,
            "allow_rebase_merge": true,
            "allow_squash_merge": true,
            "allow_update_branch": false,
            "archive_on_destroy": null,
            "archived": false,
            "auto_init": false,
            "default_branch": "master",
            "delete_branch_on_merge": false,
            "description": "Java Library to access Notify My Android public API",
            "etag": "W/\"e5aa80f4a9e667fd75e521de0fc1827121a5b4eebdbd01efd14f44d3fc83a019\"",
            "fork": "true",
            "full_name": "wavermartijn/NMAClientLib",
            "git_clone_url": "git://github.com/wavermartijn/NMAClientLib.git",
            "gitignore_template": null,
            "has_discussions": false,
            "has_downloads": true,
            "has_issues": false,
            "has_projects": true,
            "has_wiki": true,
            "homepage_url": "http://www.notifymyandroid.com/dev.jsp",
            "html_url": "https://github.com/wavermartijn/NMAClientLib",
            "http_clone_url": "https://github.com/wavermartijn/NMAClientLib.git",
            "id": "NMAClientLib",
            "ignore_vulnerability_alerts_during_read": null,
            "is_template": false,
            "license_template": null,
            "merge_commit_message": "PR_TITLE",
            "merge_commit_title": "MERGE_MESSAGE",
            "name": "NMAClientLib",
            "node_id": "MDEwOlJlcG9zaXRvcnkyNzI1NzIzMA==",
            "pages": [],
            "primary_language": "Java",
            "private": false,
            "repo_id": 27257230,
            "security_and_analysis": [
              {
                "advanced_security": [],
                "code_security": [],
                "secret_scanning": [
                  {
                    "status": "disabled"
                  }
                ],
                "secret_scanning_ai_detection": [],
                "secret_scanning_non_provider_patterns": [],
                "secret_scanning_push_protection": [
                  {
                    "status": "disabled"
                  }
                ]
              }
            ],
            "source_owner": "uskr",
            "source_repo": "NMAClientLib",
            "squash_merge_commit_message": "COMMIT_MESSAGES",
            "squash_merge_commit_title": "COMMIT_OR_PR_TITLE",
            "ssh_clone_url": "git@github.com:wavermartijn/NMAClientLib.git",
            "svn_url": "https://github.com/wavermartijn/NMAClientLib",
            "template": [],
            "topics": [],
            "visibility": "public",
            "vulnerability_alerts": false,
            "web_commit_signoff_required": false
          },
          "sensitive_attributes": [],
          "private": "eyJzY2hlbWFfdmVyc2lvbiI6IjEifQ=="
        },
        {
          "index_key": "ai-chats",
          "schema_version": 1,
          "attributes": {
            "allow_auto_merge": false,
            "allow_forking": true,
            "allow_merge_commit": true,
            "allow_rebase_merge": true,
            "allow_squash_merge": true,
            "allow_update_branch": false,
            "archive_on_destroy": null,
            "archived": false,
            "auto_init": false,
            "default_branch": "main",
            "delete_branch_on_merge": false,
            "description": "Chat documentation",
            "etag": "W/\"f08057323629ec8cdd5334271ef8c5d043a49f994052a02be5604a250228d756\"",
            "fork": "false",
            "full_name": "wavermartijn/ai-chats",
            "git_clone_url": "git://github.com/wavermartijn/ai-chats.git",
            "gitignore_template": null,
            "has_discussions": false,
            "has_downloads": true,
            "has_issues": true,
            "has_projects": true,
            "has_wiki": false,
            "homepage_url": "",
            "html_url": "https://github.com/wavermartijn/ai-chats",
            "http_clone_url": "https://github.com/wavermartijn/ai-chats.git",
            "id": "ai-chats",
            "ignore_vulnerability_alerts_during_read": null,
            "is_template": false,
            "license_template": null,
            "merge_commit_message": "PR_TITLE",
            "merge_commit_title": "MERGE_MESSAGE",
            "name": "ai-chats",
            "node_id": "R_kgDOR9xL8g",
            "pages": [],
            "primary_language": "",
            "private": true,
            "repo_id": 1205619698,
            "security_and_analysis": [],
            "source_owner": "",
            "source_repo": "",
            "squash_merge_commit_message": "COMMIT_MESSAGES",
            "squash_merge_commit_title": "COMMIT_OR_PR_TITLE",
            "ssh_clone_url": "git@github.com:wavermartijn/ai-chats.git",
            "svn_url": "https://github.com/wavermartijn/ai-chats",
            "template": [],
            "topics": [],
            "visibility": "private",
            "vulnerability_alerts": null,
            "web_commit_signoff_required": false
          },
          "sensitive_attributes": [],
          "private": "eyJzY2hlbWFfdmVyc2lvbiI6IjEifQ=="
        },
        {
          "index_key": "aiven-transforms-for-apache-kafka-connect",
          "schema_version": 1,
          "attributes": {
            "allow_auto_merge": false,
            "allow_forking": true,
            "allow_merge_commit": true,
            "allow_rebase_merge": true,
            "allow_squash_merge": true,
            "allow_update_branch": false,
            "archive_on_destroy": null,
            "archived": false,
            "auto_init": false,
            "default_branch": "master",
            "delete_branch_on_merge": false,
            "description": "Aiven's collection of Single Message Transformations (SMTs) for Apache Kafka Connect",
            "etag": "W/\"b682c448ae4c0cc5a7165a7d60e1407cf9b77e1d01e1cc6b83a24dd3a2534eb5\"",
            "fork": "true",
            "full_name": "wavermartijn/aiven-transforms-for-apache-kafka-connect",
            "git_clone_url": "git://github.com/wavermartijn/aiven-transforms-for-apache-kafka-connect.git",
            "gitignore_template": null,
            "has_discussions": false,
            "has_downloads": true,
            "has_issues": false,
            "has_projects": true,
            "has_wiki": false,
            "homepage_url": "",
            "html_url": "https://github.com/wavermartijn/aiven-transforms-for-apache-kafka-connect",
            "http_clone_url": "https://github.com/wavermartijn/aiven-transforms-for-apache-kafka-connect.git",
            "id": "aiven-transforms-for-apache-kafka-connect",
            "ignore_vulnerability_alerts_during_read": null,
            "is_template": false,
            "license_template": null,
            "merge_commit_message": "PR_TITLE",
            "merge_commit_title": "MERGE_MESSAGE",
            "name": "aiven-transforms-for-apache-kafka-connect",
            "node_id": "R_kgDOLZwbVg",
            "pages": [],
            "primary_language": "",
            "private": false,
            "repo_id": 765205334,
            "security_and_analysis": [
              {
                "advanced_security": [],
                "code_security": [],
                "secret_scanning": [
                  {
                    "status": "disabled"
                  }
                ],
                "secret_scanning_ai_detection": [],
                "secret_scanning_non_provider_patterns": [],
                "secret_scanning_push_protection": [
                  {
                    "status": "disabled"
                  }
                ]
              }
            ],
            "source_owner": "Aiven-Open",
            "source_repo": "transforms-for-apache-kafka-connect",
            "squash_merge_commit_message": "COMMIT_MESSAGES",
            "squash_merge_commit_title": "COMMIT_OR_PR_TITLE",
            "ssh_clone_url": "git@github.com:wavermartijn/aiven-transforms-for-apache-kafka-connect.git",
            "svn_url": "https://github.com/wavermartijn/aiven-transforms-for-apache-kafka-connect",
            "template": [],
            "topics": [],
            "visibility": "public",
            "vulnerability_alerts": false,
            "web_commit_signoff_required": false
          },
          "sensitive_attributes": [],
          "private": "eyJzY2hlbWFfdmVyc2lvbiI6IjEifQ=="
        },
        {
          "index_key": "akka-http-microservice",
          "schema_version": 1,
          "attributes": {
            "allow_auto_merge": false,
            "allow_forking": true,
            "allow_merge_commit": true,
            "allow_rebase_merge": true,
            "allow_squash_merge": true,
            "allow_update_branch": false,
            "archive_on_destroy": null,
            "archived": true,
            "auto_init": false,
            "default_branch": "master",
            "delete_branch_on_merge": false,
            "description": "Example of (micro)service written in Scala \u0026 akka-http",
            "etag": "W/\"dc2ce022554a1f0b3baa25b5c2104b32e04fd62696def2de728c81f281cab850\"",
            "fork": "true",
            "full_name": "wavermartijn/akka-http-microservice",
            "git_clone_url": "git://github.com/wavermartijn/akka-http-microservice.git",
            "gitignore_template": null,
            "has_discussions": false,
            "has_downloads": true,
            "has_issues": false,
            "has_projects": true,
            "has_wiki": true,
            "homepage_url": "",
            "html_url": "https://github.com/wavermartijn/akka-http-microservice",
            "http_clone_url": "https://github.com/wavermartijn/akka-http-microservice.git",
            "id": "akka-http-microservice",
            "ignore_vulnerability_alerts_during_read": false,
            "is_template": false,
            "license_template": null,
            "merge_commit_message": "PR_TITLE",
            "merge_commit_title": "MERGE_MESSAGE",
            "name": "akka-http-microservice",
            "node_id": "MDEwOlJlcG9zaXRvcnk3OTkxMjI4NA==",
            "pages": [],
            "primary_language": "HTML",
            "private": false,
            "repo_id": 79912284,
            "security_and_analysis": [
              {
                "advanced_security": [],
                "code_security": [],
                "secret_scanning": [
                  {
                    "status": "disabled"
                  }
                ],
                "secret_scanning_ai_detection": [],
                "secret_scanning_non_provider_patterns": [],
                "secret_scanning_push_protection": [
                  {
                    "status": "disabled"
                  }
                ]
              }
            ],
            "source_owner": "theiterators",
            "source_repo": "akka-http-microservice",
            "squash_merge_commit_message": "COMMIT_MESSAGES",
            "squash_merge_commit_title": "COMMIT_OR_PR_TITLE",
            "ssh_clone_url": "git@github.com:wavermartijn/akka-http-microservice.git",
            "svn_url": "https://github.com/wavermartijn/akka-http-microservice",
            "template": [],
            "topics": [],
            "visibility": "public",
            "vulnerability_alerts": false,
            "web_commit_signoff_required": false
          },
          "sensitive_attributes": [],
          "private": "eyJzY2hlbWFfdmVyc2lvbiI6IjEifQ=="
        },
        {
          "index_key": "avro-checks",
          "schema_version": 1,
          "attributes": {
            "allow_auto_merge": false,
            "allow_forking": true,
            "allow_merge_commit": true,
            "allow_rebase_merge": true,
            "allow_squash_merge": true,
            "allow_update_branch": false,
            "archive_on_destroy": null,
            "archived": false,
            "auto_init": false,
            "default_branch": "master",
            "delete_branch_on_merge": false,
            "description": "Java library to check avro schemas on compatibility mode migrations",
            "etag": "W/\"95cda889b6100ecf29386c579d0e2a396328e0d97b7e51e8aa411c6357bc405a\"",
            "fork": "false",
            "full_name": "wavermartijn/avro-checks",
            "git_clone_url": "git://github.com/wavermartijn/avro-checks.git",
            "gitignore_template": null,
            "has_discussions": false,
            "has_downloads": true,
            "has_issues": true,
            "has_projects": true,
            "has_wiki": true,
            "homepage_url": "",
            "html_url": "https://github.com/wavermartijn/avro-checks",
            "http_clone_url": "https://github.com/wavermartijn/avro-checks.git",
            "id": "avro-checks",
            "ignore_vulnerability_alerts_during_read": null,
            "is_template": false,
            "license_template": null,
            "merge_commit_message": "PR_TITLE",
            "merge_commit_title": "MERGE_MESSAGE",
            "name": "avro-checks",
            "node_id": "R_kgDOSj0GHw",
            "pages": [],
            "primary_language": "Java",
            "private": false,
            "repo_id": 1245513247,
            "security_and_analysis": [
              {
                "advanced_security": [],
                "code_security": [],
                "secret_scanning": [
                  {
                    "status": "enabled"
                  }
                ],
                "secret_scanning_ai_detection": [],
                "secret_scanning_non_provider_patterns": [],
                "secret_scanning_push_protection": [
                  {
                    "status": "enabled"
                  }
                ]
              }
            ],
            "source_owner": "",
            "source_repo": "",
            "squash_merge_commit_message": "COMMIT_MESSAGES",
            "squash_merge_commit_title": "COMMIT_OR_PR_TITLE",
            "ssh_clone_url": "git@github.com:wavermartijn/avro-checks.git",
            "svn_url": "https://github.com/wavermartijn/avro-checks",
            "template": [],
            "topics": [],
            "visibility": "public",
            "vulnerability_alerts": false,
            "web_commit_signoff_required": false
          },
          "sensitive_attributes": [],
          "private": "eyJzY2hlbWFfdmVyc2lvbiI6IjEifQ=="
        },
        {
          "index_key": "banking",
          "schema_version": 1,
          "attributes": {
            "allow_auto_merge": false,
            "allow_forking": true,
            "allow_merge_commit": true,
            "allow_rebase_merge": true,
            "allow_squash_merge": true,
            "allow_update_branch": false,
            "archive_on_destroy": null,
            "archived": false,
            "auto_init": false,
            "default_branch": "main",
            "delete_branch_on_merge": false,
            "description": "Banking backend application",
            "etag": "W/\"8cf32d7839a5bbe92ccd36671320b538994f829c93c0500a9e4dcfea2af8202f\"",
            "fork": "false",
            "full_name": "wavermartijn/banking",
            "git_clone_url": "git://github.com/wavermartijn/banking.git",
            "gitignore_template": null,
            "has_discussions": false,
            "has_downloads": true,
            "has_issues": true,
            "has_projects": true,
            "has_wiki": false,
            "homepage_url": "",
            "html_url": "https://github.com/wavermartijn/banking",
            "http_clone_url": "https://github.com/wavermartijn/banking.git",
            "id": "banking",
            "ignore_vulnerability_alerts_during_read": null,
            "is_template": false,
            "license_template": null,
            "merge_commit_message": "PR_TITLE",
            "merge_commit_title": "MERGE_MESSAGE",
            "name": "banking",
            "node_id": "R_kgDOHiBlMA",
            "pages": [],
            "primary_language": "",
            "private": true,
            "repo_id": 505439536,
            "security_and_analysis": [],
            "source_owner": "",
            "source_repo": "",
            "squash_merge_commit_message": "COMMIT_MESSAGES",
            "squash_merge_commit_title": "COMMIT_OR_PR_TITLE",
            "ssh_clone_url": "git@github.com:wavermartijn/banking.git",
            "svn_url": "https://github.com/wavermartijn/banking",
            "template": [],
            "topics": [],
            "visibility": "private",
            "vulnerability_alerts": null,
            "web_commit_signoff_required": false
          },
          "sensitive_attributes": [],
          "private": "eyJzY2hlbWFfdmVyc2lvbiI6IjEifQ=="
        },
        {
          "index_key": "debezium-tests",
          "schema_version": 1,
          "attributes": {
            "allow_auto_merge": false,
            "allow_forking": true,
            "allow_merge_commit": true,
            "allow_rebase_merge": true,
            "allow_squash_merge": true,
            "allow_update_branch": false,
            "archive_on_destroy": null,
            "archived": false,
            "auto_init": false,
            "default_branch": "main",
            "delete_branch_on_merge": false,
            "description": "",
            "etag": "W/\"1d66fe1317952289e00ea466daf22ceffe5f192a6278647162b4a67a040ebb71\"",
            "fork": "false",
            "full_name": "wavermartijn/debezium-tests",
            "git_clone_url": "git://github.com/wavermartijn/debezium-tests.git",
            "gitignore_template": null,
            "has_discussions": false,
            "has_downloads": true,
            "has_issues": true,
            "has_projects": true,
            "has_wiki": true,
            "homepage_url": "",
            "html_url": "https://github.com/wavermartijn/debezium-tests",
            "http_clone_url": "https://github.com/wavermartijn/debezium-tests.git",
            "id": "debezium-tests",
            "ignore_vulnerability_alerts_during_read": null,
            "is_template": false,
            "license_template": null,
            "merge_commit_message": "PR_TITLE",
            "merge_commit_title": "MERGE_MESSAGE",
            "name": "debezium-tests",
            "node_id": "R_kgDOKtN63Q",
            "pages": [],
            "primary_language": "",
            "private": false,
            "repo_id": 718502621,
            "security_and_analysis": [
              {
                "advanced_security": [],
                "code_security": [],
                "secret_scanning": [
                  {
                    "status": "disabled"
                  }
                ],
                "secret_scanning_ai_detection": [],
                "secret_scanning_non_provider_patterns": [],
                "secret_scanning_push_protection": [
                  {
                    "status": "disabled"
                  }
                ]
              }
            ],
            "source_owner": "",
            "source_repo": "",
            "squash_merge_commit_message": "COMMIT_MESSAGES",
            "squash_merge_commit_title": "COMMIT_OR_PR_TITLE",
            "ssh_clone_url": "git@github.com:wavermartijn/debezium-tests.git",
            "svn_url": "https://github.com/wavermartijn/debezium-tests",
            "template": [],
            "topics": [],
            "visibility": "public",
            "vulnerability_alerts": false,
            "web_commit_signoff_required": false
          },
          "sensitive_attributes": [],
          "private": "eyJzY2hlbWFfdmVyc2lvbiI6IjEifQ=="
        },
        {
          "index_key": "debezium-transformations",
          "schema_version": 1,
          "attributes": {
            "allow_auto_merge": false,
            "allow_forking": true,
            "allow_merge_commit": true,
            "allow_rebase_merge": true,
            "allow_squash_merge": true,
            "allow_update_branch": false,
            "archive_on_destroy": null,
            "archived": false,
            "auto_init": false,
            "default_branch": "main",
            "delete_branch_on_merge": false,
            "description": "",
            "etag": "W/\"e7092ea23043608c6705cd9d1263e6b947bc7949fe6dd90a2aee4cb303aeeda3\"",
            "fork": "false",
            "full_name": "wavermartijn/debezium-transformations",
            "git_clone_url": "git://github.com/wavermartijn/debezium-transformations.git",
            "gitignore_template": null,
            "has_discussions": false,
            "has_downloads": true,
            "has_issues": true,
            "has_projects": true,
            "has_wiki": false,
            "homepage_url": "",
            "html_url": "https://github.com/wavermartijn/debezium-transformations",
            "http_clone_url": "https://github.com/wavermartijn/debezium-transformations.git",
            "id": "debezium-transformations",
            "ignore_vulnerability_alerts_during_read": null,
            "is_template": false,
            "license_template": null,
            "merge_commit_message": "PR_TITLE",
            "merge_commit_title": "MERGE_MESSAGE",
            "name": "debezium-transformations",
            "node_id": "R_kgDOLZqTOA",
            "pages": [],
            "primary_language": "",
            "private": true,
            "repo_id": 765104952,
            "security_and_analysis": [],
            "source_owner": "",
            "source_repo": "",
            "squash_merge_commit_message": "COMMIT_MESSAGES",
            "squash_merge_commit_title": "COMMIT_OR_PR_TITLE",
            "ssh_clone_url": "git@github.com:wavermartijn/debezium-transformations.git",
            "svn_url": "https://github.com/wavermartijn/debezium-transformations",
            "template": [],
            "topics": [],
            "visibility": "private",
            "vulnerability_alerts": null,
            "web_commit_signoff_required": false
          },
          "sensitive_attributes": [],
          "private": "eyJzY2hlbWFfdmVyc2lvbiI6IjEifQ=="
        },
        {
          "index_key": "docker-pdns",
          "schema_version": 1,
          "attributes": {
            "allow_auto_merge": false,
            "allow_forking": true,
            "allow_merge_commit": true,
            "allow_rebase_merge": true,
            "allow_squash_merge": true,
            "allow_update_branch": false,
            "archive_on_destroy": null,
            "archived": false,
            "auto_init": false,
            "default_branch": "master",
            "delete_branch_on_merge": false,
            "description": "Docker images for PowerDNS",
            "etag": "W/\"fe0680d0854a497bb298055fdd3c386842b3cebc48e293b52b8c90525b6e78c7\"",
            "fork": "true",
            "full_name": "wavermartijn/docker-pdns",
            "git_clone_url": "git://github.com/wavermartijn/docker-pdns.git",
            "gitignore_template": null,
            "has_discussions": false,
            "has_downloads": true,
            "has_issues": false,
            "has_projects": true,
            "has_wiki": true,
            "homepage_url": "",
            "html_url": "https://github.com/wavermartijn/docker-pdns",
            "http_clone_url": "https://github.com/wavermartijn/docker-pdns.git",
            "id": "docker-pdns",
            "ignore_vulnerability_alerts_during_read": null,
            "is_template": false,
            "license_template": null,
            "merge_commit_message": "PR_TITLE",
            "merge_commit_title": "MERGE_MESSAGE",
            "name": "docker-pdns",
            "node_id": "R_kgDOKQdA4Q",
            "pages": [],
            "primary_language": "",
            "private": false,
            "repo_id": 688341217,
            "security_and_analysis": [
              {
                "advanced_security": [],
                "code_security": [],
                "secret_scanning": [
                  {
                    "status": "disabled"
                  }
                ],
                "secret_scanning_ai_detection": [],
                "secret_scanning_non_provider_patterns": [],
                "secret_scanning_push_protection": [
                  {
                    "status": "disabled"
                  }
                ]
              }
            ],
            "source_owner": "pschiffe",
            "source_repo": "docker-pdns",
            "squash_merge_commit_message": "COMMIT_MESSAGES",
            "squash_merge_commit_title": "COMMIT_OR_PR_TITLE",
            "ssh_clone_url": "git@github.com:wavermartijn/docker-pdns.git",
            "svn_url": "https://github.com/wavermartijn/docker-pdns",
            "template": [],
            "topics": [],
            "visibility": "public",
            "vulnerability_alerts": false,
            "web_commit_signoff_required": false
          },
          "sensitive_attributes": [],
          "private": "eyJzY2hlbWFfdmVyc2lvbiI6IjEifQ=="
        },
        {
          "index_key": "docker-rpi-zookeeper-kafka",
          "schema_version": 1,
          "attributes": {
            "allow_auto_merge": false,
            "allow_forking": true,
            "allow_merge_commit": true,
            "allow_rebase_merge": true,
            "allow_squash_merge": true,
            "allow_update_branch": false,
            "archive_on_destroy": null,
            "archived": false,
            "auto_init": false,
            "default_branch": "master",
            "delete_branch_on_merge": false,
            "description": "Docker image for raspberry pi containing zookeeper and kafka",
            "etag": "W/\"a34edf6f538ddda7b913ae26f7f64927fa369a14b50b602284ad9e5d359e0563\"",
            "fork": "false",
            "full_name": "wavermartijn/docker-rpi-zookeeper-kafka",
            "git_clone_url": "git://github.com/wavermartijn/docker-rpi-zookeeper-kafka.git",
            "gitignore_template": null,
            "has_discussions": false,
            "has_downloads": true,
            "has_issues": true,
            "has_projects": true,
            "has_wiki": true,
            "homepage_url": "",
            "html_url": "https://github.com/wavermartijn/docker-rpi-zookeeper-kafka",
            "http_clone_url": "https://github.com/wavermartijn/docker-rpi-zookeeper-kafka.git",
            "id": "docker-rpi-zookeeper-kafka",
            "ignore_vulnerability_alerts_during_read": null,
            "is_template": false,
            "license_template": null,
            "merge_commit_message": "PR_TITLE",
            "merge_commit_title": "MERGE_MESSAGE",
            "name": "docker-rpi-zookeeper-kafka",
            "node_id": "MDEwOlJlcG9zaXRvcnk3MTg2NTY5Mw==",
            "pages": [],
            "primary_language": "Shell",
            "private": false,
            "repo_id": 71865693,
            "security_and_analysis": [
              {
                "advanced_security": [],
                "code_security": [],
                "secret_scanning": [
                  {
                    "status": "disabled"
                  }
                ],
                "secret_scanning_ai_detection": [],
                "secret_scanning_non_provider_patterns": [],
                "secret_scanning_push_protection": [
                  {
                    "status": "disabled"
                  }
                ]
              }
            ],
            "source_owner": "",
            "source_repo": "",
            "squash_merge_commit_message": "COMMIT_MESSAGES",
            "squash_merge_commit_title": "COMMIT_OR_PR_TITLE",
            "ssh_clone_url": "git@github.com:wavermartijn/docker-rpi-zookeeper-kafka.git",
            "svn_url": "https://github.com/wavermartijn/docker-rpi-zookeeper-kafka",
            "template": [],
            "topics": [],
            "visibility": "public",
            "vulnerability_alerts": true,
            "web_commit_signoff_required": false
          },
          "sensitive_attributes": [],
          "private": "eyJzY2hlbWFfdmVyc2lvbiI6IjEifQ=="
        },
        {
          "index_key": "elasticsearch-test",
          "schema_version": 1,
          "attributes": {
            "allow_auto_merge": false,
            "allow_forking": true,
            "allow_merge_commit": true,
            "allow_rebase_merge": true,
            "allow_squash_merge": true,
            "allow_update_branch": false,
            "archive_on_destroy": null,
            "archived": false,
            "auto_init": false,
            "default_branch": "master",
            "delete_branch_on_merge": false,
            "description": "elasticsearch-test",
            "etag": "W/\"209b1766079bcb818cfa447cc63ea68ada02cdb437af11204a70f8c53049a268\"",
            "fork": "false",
            "full_name": "wavermartijn/elasticsearch-test",
            "git_clone_url": "git://github.com/wavermartijn/elasticsearch-test.git",
            "gitignore_template": null,
            "has_discussions": false,
            "has_downloads": true,
            "has_issues": true,
            "has_projects": true,
            "has_wiki": false,
            "homepage_url": "",
            "html_url": "https://github.com/wavermartijn/elasticsearch-test",
            "http_clone_url": "https://github.com/wavermartijn/elasticsearch-test.git",
            "id": "elasticsearch-test",
            "ignore_vulnerability_alerts_during_read": null,
            "is_template": false,
            "license_template": null,
            "merge_commit_message": "PR_TITLE",
            "merge_commit_title": "MERGE_MESSAGE",
            "name": "elasticsearch-test",
            "node_id": "MDEwOlJlcG9zaXRvcnk1ODYzMzI1OQ==",
            "pages": [],
            "primary_language": "",
            "private": true,
            "repo_id": 58633259,
            "security_and_analysis": [],
            "source_owner": "",
            "source_repo": "",
            "squash_merge_commit_message": "COMMIT_MESSAGES",
            "squash_merge_commit_title": "COMMIT_OR_PR_TITLE",
            "ssh_clone_url": "git@github.com:wavermartijn/elasticsearch-test.git",
            "svn_url": "https://github.com/wavermartijn/elasticsearch-test",
            "template": [],
            "topics": [],
            "visibility": "private",
            "vulnerability_alerts": null,
            "web_commit_signoff_required": false
          },
          "sensitive_attributes": [],
          "private": "eyJzY2hlbWFfdmVyc2lvbiI6IjEifQ=="
        },
        {
          "index_key": "fleet-client",
          "schema_version": 1,
          "attributes": {
            "allow_auto_merge": false,
            "allow_forking": true,
            "allow_merge_commit": true,
            "allow_rebase_merge": true,
            "allow_squash_merge": true,
            "allow_update_branch": false,
            "archive_on_destroy": null,
            "archived": false,
            "auto_init": false,
            "default_branch": "main",
            "delete_branch_on_merge": false,
            "description": "Streamforge fleet Client app",
            "etag": "W/\"a08cc903343fbaf727413fc67ea7e9bac39425c28b8e10a5b7379e29e237fec9\"",
            "fork": "true",
            "full_name": "wavermartijn/fleet-client",
            "git_clone_url": "git://github.com/wavermartijn/fleet-client.git",
            "gitignore_template": null,
            "has_discussions": false,
            "has_downloads": true,
            "has_issues": false,
            "has_projects": true,
            "has_wiki": false,
            "homepage_url": "https://www.traccar.org/client",
            "html_url": "https://github.com/wavermartijn/fleet-client",
            "http_clone_url": "https://github.com/wavermartijn/fleet-client.git",
            "id": "fleet-client",
            "ignore_vulnerability_alerts_during_read": null,
            "is_template": false,
            "license_template": null,
            "merge_commit_message": "PR_TITLE",
            "merge_commit_title": "MERGE_MESSAGE",
            "name": "fleet-client",
            "node_id": "R_kgDOS_QBCw",
            "pages": [],
            "primary_language": "",
            "private": false,
            "repo_id": 1274282251,
            "security_and_analysis": [
              {
                "advanced_security": [],
                "code_security": [],
                "secret_scanning": [
                  {
                    "status": "enabled"
                  }
                ],
                "secret_scanning_ai_detection": [],
                "secret_scanning_non_provider_patterns": [],
                "secret_scanning_push_protection": [
                  {
                    "status": "enabled"
                  }
                ]
              }
            ],
            "source_owner": "traccar",
            "source_repo": "traccar-client",
            "squash_merge_commit_message": "COMMIT_MESSAGES",
            "squash_merge_commit_title": "COMMIT_OR_PR_TITLE",
            "ssh_clone_url": "git@github.com:wavermartijn/fleet-client.git",
            "svn_url": "https://github.com/wavermartijn/fleet-client",
            "template": [],
            "topics": [],
            "visibility": "public",
            "vulnerability_alerts": false,
            "web_commit_signoff_required": false
          },
          "sensitive_attributes": [],
          "private": "eyJzY2hlbWFfdmVyc2lvbiI6IjEifQ=="
        },
        {
          "index_key": "flink-kafka-table-api",
          "schema_version": 1,
          "attributes": {
            "allow_auto_merge": false,
            "allow_forking": true,
            "allow_merge_commit": true,
            "allow_rebase_merge": true,
            "allow_squash_merge": true,
            "allow_update_branch": false,
            "archive_on_destroy": null,
            "archived": false,
            "auto_init": false,
            "default_branch": "main",
            "delete_branch_on_merge": false,
            "description": "",
            "etag": "W/\"5f7e922765d0b86e655618d2372026423ae403e39e641c6f43358eb7ceb6ecef\"",
            "fork": "true",
            "full_name": "wavermartijn/flink-kafka-table-api",
            "git_clone_url": "git://github.com/wavermartijn/flink-kafka-table-api.git",
            "gitignore_template": null,
            "has_discussions": false,
            "has_downloads": true,
            "has_issues": false,
            "has_projects": true,
            "has_wiki": true,
            "homepage_url": "",
            "html_url": "https://github.com/wavermartijn/flink-kafka-table-api",
            "http_clone_url": "https://github.com/wavermartijn/flink-kafka-table-api.git",
            "id": "flink-kafka-table-api",
            "ignore_vulnerability_alerts_during_read": null,
            "is_template": false,
            "license_template": null,
            "merge_commit_message": "PR_TITLE",
            "merge_commit_title": "MERGE_MESSAGE",
            "name": "flink-kafka-table-api",
            "node_id": "R_kgDOOpWExw",
            "pages": [],
            "primary_language": "",
            "private": false,
            "repo_id": 982877383,
            "security_and_analysis": [
              {
                "advanced_security": [],
                "code_security": [],
                "secret_scanning": [
                  {
                    "status": "enabled"
                  }
                ],
                "secret_scanning_ai_detection": [],
                "secret_scanning_non_provider_patterns": [],
                "secret_scanning_push_protection": [
                  {
                    "status": "enabled"
                  }
                ]
              }
            ],
            "source_owner": "griga23",
            "source_repo": "flink-kafka-table-api",
            "squash_merge_commit_message": "COMMIT_MESSAGES",
            "squash_merge_commit_title": "COMMIT_OR_PR_TITLE",
            "ssh_clone_url": "git@github.com:wavermartijn/flink-kafka-table-api.git",
            "svn_url": "https://github.com/wavermartijn/flink-kafka-table-api",
            "template": [],
            "topics": [],
            "visibility": "public",
            "vulnerability_alerts": false,
            "web_commit_signoff_required": false
          },
          "sensitive_attributes": [],
          "private": "eyJzY2hlbWFfdmVyc2lvbiI6IjEifQ=="
        },
        {
          "index_key": "go-healthcheck",
          "schema_version": 1,
          "attributes": {
            "allow_auto_merge": false,
            "allow_forking": true,
            "allow_merge_commit": true,
            "allow_rebase_merge": true,
            "allow_squash_merge": true,
            "allow_update_branch": false,
            "archive_on_destroy": null,
            "archived": false,
            "auto_init": false,
            "default_branch": "master",
            "delete_branch_on_merge": false,
            "description": "A library for implementing Kubernetes liveness and readiness probe handlers in your Go application.",
            "etag": "W/\"f1d4355f775d25f72ebf01f3bd7ea669dd7d503f549f55a97f33ef8f72766565\"",
            "fork": "true",
            "full_name": "wavermartijn/go-healthcheck",
            "git_clone_url": "git://github.com/wavermartijn/go-healthcheck.git",
            "gitignore_template": null,
            "has_discussions": false,
            "has_downloads": true,
            "has_issues": false,
            "has_projects": true,
            "has_wiki": true,
            "homepage_url": "",
            "html_url": "https://github.com/wavermartijn/go-healthcheck",
            "http_clone_url": "https://github.com/wavermartijn/go-healthcheck.git",
            "id": "go-healthcheck",
            "ignore_vulnerability_alerts_during_read": null,
            "is_template": false,
            "license_template": null,
            "merge_commit_message": "PR_TITLE",
            "merge_commit_title": "MERGE_MESSAGE",
            "name": "go-healthcheck",
            "node_id": "R_kgDOKcXSOQ",
            "pages": [],
            "primary_language": "",
            "private": false,
            "repo_id": 700830265,
            "security_and_analysis": [
              {
                "advanced_security": [],
                "code_security": [],
                "secret_scanning": [
                  {
                    "status": "disabled"
                  }
                ],
                "secret_scanning_ai_detection": [],
                "secret_scanning_non_provider_patterns": [],
                "secret_scanning_push_protection": [
                  {
                    "status": "disabled"
                  }
                ]
              }
            ],
            "source_owner": "vmware-archive",
            "source_repo": "healthcheck",
            "squash_merge_commit_message": "COMMIT_MESSAGES",
            "squash_merge_commit_title": "COMMIT_OR_PR_TITLE",
            "ssh_clone_url": "git@github.com:wavermartijn/go-healthcheck.git",
            "svn_url": "https://github.com/wavermartijn/go-healthcheck",
            "template": [],
            "topics": [],
            "visibility": "public",
            "vulnerability_alerts": false,
            "web_commit_signoff_required": false
          },
          "sensitive_attributes": [],
          "private": "eyJzY2hlbWFfdmVyc2lvbiI6IjEifQ=="
        },
        {
          "index_key": "gradle-docker",
          "schema_version": 1,
          "attributes": {
            "allow_auto_merge": false,
            "allow_forking": true,
            "allow_merge_commit": true,
            "allow_rebase_merge": true,
            "allow_squash_merge": true,
            "allow_update_branch": false,
            "archive_on_destroy": null,
            "archived": false,
            "auto_init": false,
            "default_branch": "master",
            "delete_branch_on_merge": false,
            "description": "A Gradle plugin to build Docker images from the build script.",
            "etag": "W/\"4aa58d6a21c6c0c0c6e15c55e2f58eb7dd7aa6f83aabf9157b3e8749f231bf44\"",
            "fork": "true",
            "full_name": "wavermartijn/gradle-docker",
            "git_clone_url": "git://github.com/wavermartijn/gradle-docker.git",
            "gitignore_template": null,
            "has_discussions": false,
            "has_downloads": true,
            "has_issues": false,
            "has_projects": true,
            "has_wiki": true,
            "homepage_url": "",
            "html_url": "https://github.com/wavermartijn/gradle-docker",
            "http_clone_url": "https://github.com/wavermartijn/gradle-docker.git",
            "id": "gradle-docker",
            "ignore_vulnerability_alerts_during_read": null,
            "is_template": false,
            "license_template": null,
            "merge_commit_message": "PR_TITLE",
            "merge_commit_title": "MERGE_MESSAGE",
            "name": "gradle-docker",
            "node_id": "MDEwOlJlcG9zaXRvcnkxNTMxMjEyNDU=",
            "pages": [],
            "primary_language": "Groovy",
            "private": false,
            "repo_id": 153121245,
            "security_and_analysis": [
              {
                "advanced_security": [],
                "code_security": [],
                "secret_scanning": [
                  {
                    "status": "disabled"
                  }
                ],
                "secret_scanning_ai_detection": [],
                "secret_scanning_non_provider_patterns": [],
                "secret_scanning_push_protection": [
                  {
                    "status": "disabled"
                  }
                ]
              }
            ],
            "source_owner": "Transmode",
            "source_repo": "gradle-docker",
            "squash_merge_commit_message": "COMMIT_MESSAGES",
            "squash_merge_commit_title": "COMMIT_OR_PR_TITLE",
            "ssh_clone_url": "git@github.com:wavermartijn/gradle-docker.git",
            "svn_url": "https://github.com/wavermartijn/gradle-docker",
            "template": [],
            "topics": [],
            "visibility": "public",
            "vulnerability_alerts": false,
            "web_commit_signoff_required": false
          },
          "sensitive_attributes": [],
          "private": "eyJzY2hlbWFfdmVyc2lvbiI6IjEifQ=="
        },
        {
          "index_key": "hcl4j",
          "schema_version": 1,
          "attributes": {
            "allow_auto_merge": false,
            "allow_forking": true,
            "allow_merge_commit": true,
            "allow_rebase_merge": true,
            "allow_squash_merge": true,
            "allow_update_branch": false,
            "archive_on_destroy": null,
            "archived": false,
            "auto_init": false,
            "default_branch": "master",
            "delete_branch_on_merge": false,
            "description": "HCL is the Hashicorp Configuration Language used in Terraform. This is a java Parser for parsing HCL and converting to Map objects.",
            "etag": "W/\"0fee3b9b5be62415c324af88fb3a4d231704b0274c6e41f2627718c7e81fd619\"",
            "fork": "true",
            "full_name": "wavermartijn/hcl4j",
            "git_clone_url": "git://github.com/wavermartijn/hcl4j.git",
            "gitignore_template": null,
            "has_discussions": false,
            "has_downloads": true,
            "has_issues": false,
            "has_projects": true,
            "has_wiki": true,
            "homepage_url": "",
            "html_url": "https://github.com/wavermartijn/hcl4j",
            "http_clone_url": "https://github.com/wavermartijn/hcl4j.git",
            "id": "hcl4j",
            "ignore_vulnerability_alerts_during_read": null,
            "is_template": false,
            "license_template": null,
            "merge_commit_message": "PR_TITLE",
            "merge_commit_title": "MERGE_MESSAGE",
            "name": "hcl4j",
            "node_id": "MDEwOlJlcG9zaXRvcnkzNjgyMzMwMDk=",
            "pages": [],
            "primary_language": "",
            "private": false,
            "repo_id": 368233009,
            "security_and_analysis": [
              {
                "advanced_security": [],
                "code_security": [],
                "secret_scanning": [
                  {
                    "status": "disabled"
                  }
                ],
                "secret_scanning_ai_detection": [],
                "secret_scanning_non_provider_patterns": [],
                "secret_scanning_push_protection": [
                  {
                    "status": "disabled"
                  }
                ]
              }
            ],
            "source_owner": "wondrify",
            "source_repo": "hcl4j",
            "squash_merge_commit_message": "COMMIT_MESSAGES",
            "squash_merge_commit_title": "COMMIT_OR_PR_TITLE",
            "ssh_clone_url": "git@github.com:wavermartijn/hcl4j.git",
            "svn_url": "https://github.com/wavermartijn/hcl4j",
            "template": [],
            "topics": [],
            "visibility": "public",
            "vulnerability_alerts": false,
            "web_commit_signoff_required": false
          },
          "sensitive_attributes": [],
          "private": "eyJzY2hlbWFfdmVyc2lvbiI6IjEifQ=="
        },
        {
          "index_key": "ignite-demo",
          "schema_version": 1,
          "attributes": {
            "allow_auto_merge": false,
            "allow_forking": true,
            "allow_merge_commit": true,
            "allow_rebase_merge": true,
            "allow_squash_merge": true,
            "allow_update_branch": false,
            "archive_on_destroy": null,
            "archived": true,
            "auto_init": false,
            "default_branch": "master",
            "delete_branch_on_merge": false,
            "description": "Demo project for apache ignite",
            "etag": "W/\"461870fa31374021299e278013f03dcf48fa18f457e9e5924fcbb28b6ab59010\"",
            "fork": "false",
            "full_name": "wavermartijn/ignite-demo",
            "git_clone_url": "git://github.com/wavermartijn/ignite-demo.git",
            "gitignore_template": null,
            "has_discussions": false,
            "has_downloads": false,
            "has_issues": true,
            "has_projects": true,
            "has_wiki": true,
            "homepage_url": "",
            "html_url": "https://github.com/wavermartijn/ignite-demo",
            "http_clone_url": "https://github.com/wavermartijn/ignite-demo.git",
            "id": "ignite-demo",
            "ignore_vulnerability_alerts_during_read": false,
            "is_template": false,
            "license_template": null,
            "merge_commit_message": "PR_TITLE",
            "merge_commit_title": "MERGE_MESSAGE",
            "name": "ignite-demo",
            "node_id": "MDEwOlJlcG9zaXRvcnk2MjMwNTk1MA==",
            "pages": [],
            "primary_language": "Java",
            "private": false,
            "repo_id": 62305950,
            "security_and_analysis": [
              {
                "advanced_security": [],
                "code_security": [],
                "secret_scanning": [
                  {
                    "status": "disabled"
                  }
                ],
                "secret_scanning_ai_detection": [],
                "secret_scanning_non_provider_patterns": [],
                "secret_scanning_push_protection": [
                  {
                    "status": "disabled"
                  }
                ]
              }
            ],
            "source_owner": "",
            "source_repo": "",
            "squash_merge_commit_message": "COMMIT_MESSAGES",
            "squash_merge_commit_title": "COMMIT_OR_PR_TITLE",
            "ssh_clone_url": "git@github.com:wavermartijn/ignite-demo.git",
            "svn_url": "https://github.com/wavermartijn/ignite-demo",
            "template": [],
            "topics": [],
            "visibility": "public",
            "vulnerability_alerts": false,
            "web_commit_signoff_required": false
          },
          "sensitive_attributes": [],
          "private": "eyJzY2hlbWFfdmVyc2lvbiI6IjEifQ=="
        },
        {
          "index_key": "jgit-test",
          "schema_version": 1,
          "attributes": {
            "allow_auto_merge": false,
            "allow_forking": true,
            "allow_merge_commit": true,
            "allow_rebase_merge": true,
            "allow_squash_merge": true,
            "allow_update_branch": false,
            "archive_on_destroy": null,
            "archived": false,
            "auto_init": false,
            "default_branch": "martijn-jgit-test",
            "delete_branch_on_merge": false,
            "description": "",
            "etag": "W/\"3540bbd995d465d8178c6ee1eaad88d1423bfe0df4af69de4e9eb10ab94c2648\"",
            "fork": "false",
            "full_name": "wavermartijn/jgit-test",
            "git_clone_url": "git://github.com/wavermartijn/jgit-test.git",
            "gitignore_template": null,
            "has_discussions": false,
            "has_downloads": true,
            "has_issues": true,
            "has_projects": true,
            "has_wiki": true,
            "homepage_url": "",
            "html_url": "https://github.com/wavermartijn/jgit-test",
            "http_clone_url": "https://github.com/wavermartijn/jgit-test.git",
            "id": "jgit-test",
            "ignore_vulnerability_alerts_during_read": null,
            "is_template": false,
            "license_template": null,
            "merge_commit_message": "PR_TITLE",
            "merge_commit_title": "MERGE_MESSAGE",
            "name": "jgit-test",
            "node_id": "MDEwOlJlcG9zaXRvcnkzNzg4ODE3OTY=",
            "pages": [],
            "primary_language": "",
            "private": false,
            "repo_id": 378881796,
            "security_and_analysis": [
              {
                "advanced_security": [],
                "code_security": [],
                "secret_scanning": [
                  {
                    "status": "disabled"
                  }
                ],
                "secret_scanning_ai_detection": [],
                "secret_scanning_non_provider_patterns": [],
                "secret_scanning_push_protection": [
                  {
                    "status": "disabled"
                  }
                ]
              }
            ],
            "source_owner": "",
            "source_repo": "",
            "squash_merge_commit_message": "COMMIT_MESSAGES",
            "squash_merge_commit_title": "COMMIT_OR_PR_TITLE",
            "ssh_clone_url": "git@github.com:wavermartijn/jgit-test.git",
            "svn_url": "https://github.com/wavermartijn/jgit-test",
            "template": [],
            "topics": [],
            "visibility": "public",
            "vulnerability_alerts": false,
            "web_commit_signoff_required": false
          },
          "sensitive_attributes": [],
          "private": "eyJzY2hlbWFfdmVyc2lvbiI6IjEifQ=="
        },
        {
          "index_key": "kafka-stack",
          "schema_version": 1,
          "attributes": {
            "allow_auto_merge": false,
            "allow_forking": true,
            "allow_merge_commit": true,
            "allow_rebase_merge": true,
            "allow_squash_merge": true,
            "allow_update_branch": false,
            "archive_on_destroy": null,
            "archived": false,
            "auto_init": false,
            "default_branch": "main",
            "delete_branch_on_merge": false,
            "description": "",
            "etag": "W/\"a54774caeb55e713103b9bdee7a7890ab95d036aec5223de7212bf1638c6542b\"",
            "fork": "false",
            "full_name": "wavermartijn/kafka-stack",
            "git_clone_url": "git://github.com/wavermartijn/kafka-stack.git",
            "gitignore_template": null,
            "has_discussions": false,
            "has_downloads": true,
            "has_issues": true,
            "has_projects": true,
            "has_wiki": false,
            "homepage_url": "",
            "html_url": "https://github.com/wavermartijn/kafka-stack",
            "http_clone_url": "https://github.com/wavermartijn/kafka-stack.git",
            "id": "kafka-stack",
            "ignore_vulnerability_alerts_during_read": null,
            "is_template": false,
            "license_template": null,
            "merge_commit_message": "PR_TITLE",
            "merge_commit_title": "MERGE_MESSAGE",
            "name": "kafka-stack",
            "node_id": "R_kgDORdqvNw",
            "pages": [],
            "primary_language": "Shell",
            "private": true,
            "repo_id": 1171959607,
            "security_and_analysis": [],
            "source_owner": "",
            "source_repo": "",
            "squash_merge_commit_message": "COMMIT_MESSAGES",
            "squash_merge_commit_title": "COMMIT_OR_PR_TITLE",
            "ssh_clone_url": "git@github.com:wavermartijn/kafka-stack.git",
            "svn_url": "https://github.com/wavermartijn/kafka-stack",
            "template": [],
            "topics": [],
            "visibility": "private",
            "vulnerability_alerts": null,
            "web_commit_signoff_required": false
          },
          "sensitive_attributes": [],
          "private": "eyJzY2hlbWFfdmVyc2lvbiI6IjEifQ=="
        },
        {
          "index_key": "kafka-test",
          "schema_version": 1,
          "attributes": {
            "allow_auto_merge": false,
            "allow_forking": true,
            "allow_merge_commit": true,
            "allow_rebase_merge": true,
            "allow_squash_merge": true,
            "allow_update_branch": false,
            "archive_on_destroy": null,
            "archived": false,
            "auto_init": false,
            "default_branch": "master",
            "delete_branch_on_merge": false,
            "description": "",
            "etag": "W/\"55df2acaeaf41851fa9bd554a2ff003a682bec9511cfc1538b8f01c23204d19c\"",
            "fork": "false",
            "full_name": "wavermartijn/kafka-test",
            "git_clone_url": "git://github.com/wavermartijn/kafka-test.git",
            "gitignore_template": null,
            "has_discussions": false,
            "has_downloads": false,
            "has_issues": true,
            "has_projects": true,
            "has_wiki": true,
            "homepage_url": "",
            "html_url": "https://github.com/wavermartijn/kafka-test",
            "http_clone_url": "https://github.com/wavermartijn/kafka-test.git",
            "id": "kafka-test",
            "ignore_vulnerability_alerts_during_read": false,
            "is_template": false,
            "license_template": null,
            "merge_commit_message": "PR_TITLE",
            "merge_commit_title": "MERGE_MESSAGE",
            "name": "kafka-test",
            "node_id": "MDEwOlJlcG9zaXRvcnk2ODI3OTQ3Nw==",
            "pages": [],
            "primary_language": "Java",
            "private": false,
            "repo_id": 68279477,
            "security_and_analysis": [
              {
                "advanced_security": [],
                "code_security": [],
                "secret_scanning": [
                  {
                    "status": "disabled"
                  }
                ],
                "secret_scanning_ai_detection": [],
                "secret_scanning_non_provider_patterns": [],
                "secret_scanning_push_protection": [
                  {
                    "status": "disabled"
                  }
                ]
              }
            ],
            "source_owner": "",
            "source_repo": "",
            "squash_merge_commit_message": "COMMIT_MESSAGES",
            "squash_merge_commit_title": "COMMIT_OR_PR_TITLE",
            "ssh_clone_url": "git@github.com:wavermartijn/kafka-test.git",
            "svn_url": "https://github.com/wavermartijn/kafka-test",
            "template": [],
            "topics": [],
            "visibility": "public",
            "vulnerability_alerts": false,
            "web_commit_signoff_required": false
          },
          "sensitive_attributes": [],
          "private": "eyJzY2hlbWFfdmVyc2lvbiI6IjEifQ=="
        },
        {
          "index_key": "kubernetes-home",
          "schema_version": 1,
          "attributes": {
            "allow_auto_merge": false,
            "allow_forking": true,
            "allow_merge_commit": true,
            "allow_rebase_merge": true,
            "allow_squash_merge": true,
            "allow_update_branch": false,
            "archive_on_destroy": null,
            "archived": false,
            "auto_init": null,
            "default_branch": "main",
            "delete_branch_on_merge": true,
            "description": "Kubernetes home cluster configuration",
            "etag": "W/\"468e1a908d4bd7a06cf71ec9b8804b0b6c09b469d7b8a67ab2092184de112483\"",
            "fork": "false",
            "full_name": "wavermartijn/kubernetes-home",
            "git_clone_url": "git://github.com/wavermartijn/kubernetes-home.git",
            "gitignore_template": null,
            "has_discussions": false,
            "has_downloads": false,
            "has_issues": true,
            "has_projects": false,
            "has_wiki": false,
            "homepage_url": "",
            "html_url": "https://github.com/wavermartijn/kubernetes-home",
            "http_clone_url": "https://github.com/wavermartijn/kubernetes-home.git",
            "id": "kubernetes-home",
            "ignore_vulnerability_alerts_during_read": false,
            "is_template": false,
            "license_template": null,
            "merge_commit_message": "PR_TITLE",
            "merge_commit_title": "MERGE_MESSAGE",
            "name": "kubernetes-home",
            "node_id": "R_kgDOTMjRBQ",
            "pages": [],
            "primary_language": "Dockerfile",
            "private": true,
            "repo_id": 1288229125,
            "security_and_analysis": [],
            "source_owner": "",
            "source_repo": "",
            "squash_merge_commit_message": "COMMIT_MESSAGES",
            "squash_merge_commit_title": "COMMIT_OR_PR_TITLE",
            "ssh_clone_url": "git@github.com:wavermartijn/kubernetes-home.git",
            "svn_url": "https://github.com/wavermartijn/kubernetes-home",
            "template": [],
            "topics": [],
            "visibility": "private",
            "vulnerability_alerts": null,
            "web_commit_signoff_required": false
          },
          "sensitive_attributes": [],
          "private": "eyJzY2hlbWFfdmVyc2lvbiI6IjEifQ=="
        },
        {
          "index_key": "nl-weather-obs",
          "schema_version": 1,
          "attributes": {
            "allow_auto_merge": false,
            "allow_forking": true,
            "allow_merge_commit": true,
            "allow_rebase_merge": true,
            "allow_squash_merge": true,
            "allow_update_branch": false,
            "archive_on_destroy": null,
            "archived": false,
            "auto_init": false,
            "default_branch": "master",
            "delete_branch_on_merge": false,
            "description": "",
            "etag": "W/\"07913db5bf6b90a880d83ac230b413c6d765d038152e96af15923971e368c8ee\"",
            "fork": "false",
            "full_name": "wavermartijn/nl-weather-obs",
            "git_clone_url": "git://github.com/wavermartijn/nl-weather-obs.git",
            "gitignore_template": null,
            "has_discussions": false,
            "has_downloads": true,
            "has_issues": true,
            "has_projects": true,
            "has_wiki": true,
            "homepage_url": "",
            "html_url": "https://github.com/wavermartijn/nl-weather-obs",
            "http_clone_url": "https://github.com/wavermartijn/nl-weather-obs.git",
            "id": "nl-weather-obs",
            "ignore_vulnerability_alerts_during_read": null,
            "is_template": false,
            "license_template": null,
            "merge_commit_message": "PR_TITLE",
            "merge_commit_title": "MERGE_MESSAGE",
            "name": "nl-weather-obs",
            "node_id": "MDEwOlJlcG9zaXRvcnk1NDIyMzY2MQ==",
            "pages": [],
            "primary_language": "Java",
            "private": false,
            "repo_id": 54223661,
            "security_and_analysis": [
              {
                "advanced_security": [],
                "code_security": [],
                "secret_scanning": [
                  {
                    "status": "disabled"
                  }
                ],
                "secret_scanning_ai_detection": [],
                "secret_scanning_non_provider_patterns": [],
                "secret_scanning_push_protection": [
                  {
                    "status": "disabled"
                  }
                ]
              }
            ],
            "source_owner": "",
            "source_repo": "",
            "squash_merge_commit_message": "COMMIT_MESSAGES",
            "squash_merge_commit_title": "COMMIT_OR_PR_TITLE",
            "ssh_clone_url": "git@github.com:wavermartijn/nl-weather-obs.git",
            "svn_url": "https://github.com/wavermartijn/nl-weather-obs",
            "template": [],
            "topics": [],
            "visibility": "public",
            "vulnerability_alerts": false,
            "web_commit_signoff_required": false
          },
          "sensitive_attributes": [],
          "private": "eyJzY2hlbWFfdmVyc2lvbiI6IjEifQ=="
        },
        {
          "index_key": "parquet-readwrite",
          "schema_version": 1,
          "attributes": {
            "allow_auto_merge": false,
            "allow_forking": true,
            "allow_merge_commit": true,
            "allow_rebase_merge": true,
            "allow_squash_merge": true,
            "allow_update_branch": false,
            "archive_on_destroy": null,
            "archived": false,
            "auto_init": false,
            "default_branch": "master",
            "delete_branch_on_merge": false,
            "description": "",
            "etag": "W/\"e750c0f34ff67a984dff8f1ba6b431345004939ca440c3a7996350d85fd59508\"",
            "fork": "false",
            "full_name": "wavermartijn/parquet-readwrite",
            "git_clone_url": "git://github.com/wavermartijn/parquet-readwrite.git",
            "gitignore_template": null,
            "has_discussions": false,
            "has_downloads": true,
            "has_issues": true,
            "has_projects": true,
            "has_wiki": true,
            "homepage_url": "",
            "html_url": "https://github.com/wavermartijn/parquet-readwrite",
            "http_clone_url": "https://github.com/wavermartijn/parquet-readwrite.git",
            "id": "parquet-readwrite",
            "ignore_vulnerability_alerts_during_read": null,
            "is_template": false,
            "license_template": null,
            "merge_commit_message": "PR_TITLE",
            "merge_commit_title": "MERGE_MESSAGE",
            "name": "parquet-readwrite",
            "node_id": "MDEwOlJlcG9zaXRvcnk3MDQ4MzQ4Mw==",
            "pages": [],
            "primary_language": "Java",
            "private": false,
            "repo_id": 70483483,
            "security_and_analysis": [
              {
                "advanced_security": [],
                "code_security": [],
                "secret_scanning": [
                  {
                    "status": "disabled"
                  }
                ],
                "secret_scanning_ai_detection": [],
                "secret_scanning_non_provider_patterns": [],
                "secret_scanning_push_protection": [
                  {
                    "status": "disabled"
                  }
                ]
              }
            ],
            "source_owner": "",
            "source_repo": "",
            "squash_merge_commit_message": "COMMIT_MESSAGES",
            "squash_merge_commit_title": "COMMIT_OR_PR_TITLE",
            "ssh_clone_url": "git@github.com:wavermartijn/parquet-readwrite.git",
            "svn_url": "https://github.com/wavermartijn/parquet-readwrite",
            "template": [],
            "topics": [],
            "visibility": "public",
            "vulnerability_alerts": false,
            "web_commit_signoff_required": false
          },
          "sensitive_attributes": [],
          "private": "eyJzY2hlbWFfdmVyc2lvbiI6IjEifQ=="
        },
        {
          "index_key": "qcone-api",
          "schema_version": 1,
          "attributes": {
            "allow_auto_merge": false,
            "allow_forking": true,
            "allow_merge_commit": true,
            "allow_rebase_merge": true,
            "allow_squash_merge": true,
            "allow_update_branch": false,
            "archive_on_destroy": null,
            "archived": false,
            "auto_init": false,
            "default_branch": "main",
            "delete_branch_on_merge": false,
            "description": "",
            "etag": "W/\"cee269d3263168ff91206f071b5960f17f31f40514044edf00631a8b0c6a387d\"",
            "fork": "false",
            "full_name": "wavermartijn/qcone-api",
            "git_clone_url": "git://github.com/wavermartijn/qcone-api.git",
            "gitignore_template": null,
            "has_discussions": false,
            "has_downloads": true,
            "has_issues": true,
            "has_projects": true,
            "has_wiki": false,
            "homepage_url": "",
            "html_url": "https://github.com/wavermartijn/qcone-api",
            "http_clone_url": "https://github.com/wavermartijn/qcone-api.git",
            "id": "qcone-api",
            "ignore_vulnerability_alerts_during_read": null,
            "is_template": false,
            "license_template": null,
            "merge_commit_message": "PR_TITLE",
            "merge_commit_title": "MERGE_MESSAGE",
            "name": "qcone-api",
            "node_id": "MDEwOlJlcG9zaXRvcnkzODk3MzkxODY=",
            "pages": [],
            "primary_language": "Java",
            "private": true,
            "repo_id": 389739186,
            "security_and_analysis": [],
            "source_owner": "",
            "source_repo": "",
            "squash_merge_commit_message": "COMMIT_MESSAGES",
            "squash_merge_commit_title": "COMMIT_OR_PR_TITLE",
            "ssh_clone_url": "git@github.com:wavermartijn/qcone-api.git",
            "svn_url": "https://github.com/wavermartijn/qcone-api",
            "template": [],
            "topics": [],
            "visibility": "private",
            "vulnerability_alerts": null,
            "web_commit_signoff_required": false
          },
          "sensitive_attributes": [],
          "private": "eyJzY2hlbWFfdmVyc2lvbiI6IjEifQ=="
        },
        {
          "index_key": "terraform-demo",
          "schema_version": 1,
          "attributes": {
            "allow_auto_merge": false,
            "allow_forking": true,
            "allow_merge_commit": true,
            "allow_rebase_merge": true,
            "allow_squash_merge": true,
            "allow_update_branch": false,
            "archive_on_destroy": null,
            "archived": false,
            "auto_init": false,
            "default_branch": "main",
            "delete_branch_on_merge": false,
            "description": "Demo repository for Terraform on AWS and Azure",
            "etag": "W/\"b6b897a4be438d61411a879bc606b69e650ad14f75c975d521a502441a9c91db\"",
            "fork": "false",
            "full_name": "wavermartijn/terraform-demo",
            "git_clone_url": "git://github.com/wavermartijn/terraform-demo.git",
            "gitignore_template": null,
            "has_discussions": false,
            "has_downloads": true,
            "has_issues": true,
            "has_projects": true,
            "has_wiki": true,
            "homepage_url": "",
            "html_url": "https://github.com/wavermartijn/terraform-demo",
            "http_clone_url": "https://github.com/wavermartijn/terraform-demo.git",
            "id": "terraform-demo",
            "ignore_vulnerability_alerts_during_read": null,
            "is_template": false,
            "license_template": null,
            "merge_commit_message": "PR_TITLE",
            "merge_commit_title": "MERGE_MESSAGE",
            "name": "terraform-demo",
            "node_id": "MDEwOlJlcG9zaXRvcnkzMzYyMDAzNjg=",
            "pages": [],
            "primary_language": "HCL",
            "private": false,
            "repo_id": 336200368,
            "security_and_analysis": [
              {
                "advanced_security": [],
                "code_security": [],
                "secret_scanning": [
                  {
                    "status": "disabled"
                  }
                ],
                "secret_scanning_ai_detection": [],
                "secret_scanning_non_provider_patterns": [],
                "secret_scanning_push_protection": [
                  {
                    "status": "disabled"
                  }
                ]
              }
            ],
            "source_owner": "",
            "source_repo": "",
            "squash_merge_commit_message": "COMMIT_MESSAGES",
            "squash_merge_commit_title": "COMMIT_OR_PR_TITLE",
            "ssh_clone_url": "git@github.com:wavermartijn/terraform-demo.git",
            "svn_url": "https://github.com/wavermartijn/terraform-demo",
            "template": [],
            "topics": [],
            "visibility": "public",
            "vulnerability_alerts": false,
            "web_commit_signoff_required": false
          },
          "sensitive_attributes": [],
          "private": "eyJzY2hlbWFfdmVyc2lvbiI6IjEifQ=="
        },
        {
          "index_key": "terraform-github",
          "schema_version": 1,
          "attributes": {
            "allow_auto_merge": false,
            "allow_forking": true,
            "allow_merge_commit": true,
            "allow_rebase_merge": true,
            "allow_squash_merge": true,
            "allow_update_branch": false,
            "archive_on_destroy": null,
            "archived": false,
            "auto_init": false,
            "default_branch": "initial-setup",
            "delete_branch_on_merge": false,
            "description": "Repository management for GitHub repos",
            "etag": "W/\"491647ec4dcbe4728bc184b40f5238e5f3c64dd20e35fa85c92c482db4e2f871\"",
            "fork": "false",
            "full_name": "wavermartijn/terraform-github",
            "git_clone_url": "git://github.com/wavermartijn/terraform-github.git",
            "gitignore_template": null,
            "has_discussions": false,
            "has_downloads": true,
            "has_issues": true,
            "has_projects": true,
            "has_wiki": false,
            "homepage_url": "",
            "html_url": "https://github.com/wavermartijn/terraform-github",
            "http_clone_url": "https://github.com/wavermartijn/terraform-github.git",
            "id": "terraform-github",
            "ignore_vulnerability_alerts_during_read": false,
            "is_template": false,
            "license_template": null,
            "merge_commit_message": "PR_TITLE",
            "merge_commit_title": "MERGE_MESSAGE",
            "name": "terraform-github",
            "node_id": "R_kgDOTaF_1g",
            "pages": [],
            "primary_language": "Shell",
            "private": false,
            "repo_id": 1302429654,
            "security_and_analysis": [
              {
                "advanced_security": [],
                "code_security": [],
                "secret_scanning": [
                  {
                    "status": "disabled"
                  }
                ],
                "secret_scanning_ai_detection": [],
                "secret_scanning_non_provider_patterns": [],
                "secret_scanning_push_protection": [
                  {
                    "status": "disabled"
                  }
                ]
              }
            ],
            "source_owner": "",
            "source_repo": "",
            "squash_merge_commit_message": "COMMIT_MESSAGES",
            "squash_merge_commit_title": "COMMIT_OR_PR_TITLE",
            "ssh_clone_url": "git@github.com:wavermartijn/terraform-github.git",
            "svn_url": "https://github.com/wavermartijn/terraform-github",
            "template": [],
            "topics": [
              "dummytopic"
            ],
            "visibility": "public",
            "vulnerability_alerts": false,
            "web_commit_signoff_required": false
          },
          "sensitive_attributes": [],
          "private": "eyJzY2hlbWFfdmVyc2lvbiI6IjEifQ=="
        },
        {
          "index_key": "terraform-test",
          "schema_version": 1,
          "attributes": {
            "allow_auto_merge": false,
            "allow_forking": true,
            "allow_merge_commit": true,
            "allow_rebase_merge": true,
            "allow_squash_merge": true,
            "allow_update_branch": false,
            "archive_on_destroy": null,
            "archived": false,
            "auto_init": false,
            "default_branch": "master",
            "delete_branch_on_merge": false,
            "description": "",
            "etag": "W/\"65302900daa083faa42f72fa168f48bf3a6d8eae8d62577cf790f15356cfa07e\"",
            "fork": "false",
            "full_name": "wavermartijn/terraform-test",
            "git_clone_url": "git://github.com/wavermartijn/terraform-test.git",
            "gitignore_template": null,
            "has_discussions": false,
            "has_downloads": true,
            "has_issues": true,
            "has_projects": true,
            "has_wiki": true,
            "homepage_url": "",
            "html_url": "https://github.com/wavermartijn/terraform-test",
            "http_clone_url": "https://github.com/wavermartijn/terraform-test.git",
            "id": "terraform-test",
            "ignore_vulnerability_alerts_during_read": null,
            "is_template": false,
            "license_template": null,
            "merge_commit_message": "PR_TITLE",
            "merge_commit_title": "MERGE_MESSAGE",
            "name": "terraform-test",
            "node_id": "MDEwOlJlcG9zaXRvcnkzNjYwNzU5Njg=",
            "pages": [],
            "primary_language": "",
            "private": false,
            "repo_id": 366075968,
            "security_and_analysis": [
              {
                "advanced_security": [],
                "code_security": [],
                "secret_scanning": [
                  {
                    "status": "disabled"
                  }
                ],
                "secret_scanning_ai_detection": [],
                "secret_scanning_non_provider_patterns": [],
                "secret_scanning_push_protection": [
                  {
                    "status": "disabled"
                  }
                ]
              }
            ],
            "source_owner": "",
            "source_repo": "",
            "squash_merge_commit_message": "COMMIT_MESSAGES",
            "squash_merge_commit_title": "COMMIT_OR_PR_TITLE",
            "ssh_clone_url": "git@github.com:wavermartijn/terraform-test.git",
            "svn_url": "https://github.com/wavermartijn/terraform-test",
            "template": [],
            "topics": [],
            "visibility": "public",
            "vulnerability_alerts": false,
            "web_commit_signoff_required": false
          },
          "sensitive_attributes": [],
          "private": "eyJzY2hlbWFfdmVyc2lvbiI6IjEifQ=="
        },
        {
          "index_key": "wavernotebook",
          "schema_version": 1,
          "attributes": {
            "allow_auto_merge": false,
            "allow_forking": true,
            "allow_merge_commit": true,
            "allow_rebase_merge": true,
            "allow_squash_merge": true,
            "allow_update_branch": false,
            "archive_on_destroy": null,
            "archived": false,
            "auto_init": false,
            "default_branch": "main",
            "delete_branch_on_merge": false,
            "description": "",
            "etag": "W/\"6d37a093a6f5d623142c6e85d88fc27beb03bff9d7b9cd9d28624c7e9bbd1749\"",
            "fork": "false",
            "full_name": "wavermartijn/wavernotebook",
            "git_clone_url": "git://github.com/wavermartijn/wavernotebook.git",
            "gitignore_template": null,
            "has_discussions": false,
            "has_downloads": true,
            "has_issues": true,
            "has_projects": true,
            "has_wiki": false,
            "homepage_url": "",
            "html_url": "https://github.com/wavermartijn/wavernotebook",
            "http_clone_url": "https://github.com/wavermartijn/wavernotebook.git",
            "id": "wavernotebook",
            "ignore_vulnerability_alerts_during_read": null,
            "is_template": false,
            "license_template": null,
            "merge_commit_message": "PR_TITLE",
            "merge_commit_title": "MERGE_MESSAGE",
            "name": "wavernotebook",
            "node_id": "R_kgDOSdcXeg",
            "pages": [],
            "primary_language": "Kotlin",
            "private": true,
            "repo_id": 1238833018,
            "security_and_analysis": [],
            "source_owner": "",
            "source_repo": "",
            "squash_merge_commit_message": "COMMIT_MESSAGES",
            "squash_merge_commit_title": "COMMIT_OR_PR_TITLE",
            "ssh_clone_url": "git@github.com:wavermartijn/wavernotebook.git",
            "svn_url": "https://github.com/wavermartijn/wavernotebook",
            "template": [],
            "topics": [],
            "visibility": "private",
            "vulnerability_alerts": null,
            "web_commit_signoff_required": false
          },
          "sensitive_attributes": [],
          "private": "eyJzY2hlbWFfdmVyc2lvbiI6IjEifQ=="
        }
      ]
    },
    {
      "mode": "managed",
      "type": "github_repository_vulnerability_alerts",
      "name": "alerts",
      "provider": "provider[\"registry.opentofu.org/integrations/github\"]",
      "instances": [
        {
          "index_key": "docker-rpi-zookeeper-kafka",
          "schema_version": 0,
          "attributes": {
            "enabled": true,
            "id": "71865693",
            "repository": "docker-rpi-zookeeper-kafka",
            "repository_id": 71865693
          },
          "sensitive_attributes": [],
          "private": "eyJzY2hlbWFfdmVyc2lvbiI6IjAifQ==",
          "dependencies": [
            "github_repository.repos"
          ]
        },
        {
          "index_key": "elasticsearch-test",
          "schema_version": 0,
          "attributes": {
            "enabled": true,
            "id": "58633259",
            "repository": "elasticsearch-test",
            "repository_id": 58633259
          },
          "sensitive_attributes": [],
          "private": "bnVsbA==",
          "dependencies": [
            "github_repository.repos"
          ]
        },
        {
          "index_key": "kubernetes-home",
          "schema_version": 0,
          "attributes": {
            "enabled": true,
            "id": "1288229125",
            "repository": "kubernetes-home",
            "repository_id": 1288229125
          },
          "sensitive_attributes": [],
          "private": "bnVsbA==",
          "dependencies": [
            "github_repository.repos"
          ]
        }
      ]
    }
  ],
  "check_results": null
}

